
Microsoft Visual Studio Solution File, Format Version 12.00
# Visual Studio Version 16
VisualStudioVersion = 16.0.29411.108
MinimumVisualStudioVersion = 10.0.40219.1
Project("{FAE04EC0-301F-11D3-BF4B-00C04F79EFBC}") = "SimUDuck", "SimUDuck\SimUDuck.csproj", "{D70643F1-FCEB-4270-BCF4-59F5F98C73FA}"
EndProject
Global
	GlobalSection(SolutionConfigurationPlatforms) = preSolution
		Debug|Any CPU = Debug|Any CPU
		Release|Any CPU = Release|Any CPU
	EndGlobalSection
	GlobalSection(ProjectConfigurationPlatforms) = postSolution
		{D70643F1-FCEB-4270-BCF4-59F5F98C73FA}.Debug|Any CPU.ActiveCfg = Debug|Any CPU
		{D70643F1-FCEB-4270-BCF4-59F5F98C73FA}.Debug|Any CPU.Build.0 = Debug|Any CPU
		{D70643F1-FCEB-4270-BCF4-59F5F98C73FA}.Release|Any CPU.ActiveCfg = Release|Any CPU
		{D70643F1-FCEB-4270-BCF4-59F5F98C73FA}.Release|Any CPU.Build.0 = Release|Any CPU
	EndGlobalSection
	GlobalSection(SolutionProperties) = preSolution
		HideSolutionNode = FALSE
	EndGlobalSection
	GlobalSection(ExtensibilityGlobals) = postSolution
		SolutionGuid = {E9A47C64-AF20-495A-AAAF-B18335132391}
	EndGlobalSection
EndGlobal
